Microsoft Visual Studio Solution File, Format Version 12.00
# Visual Studio 15
VisualStudioVersion = 15.0.27703.2000
MinimumVisualStudioVersion = 10.0.40219.1
Project("{2150E333-8FDC-42A3-9474-1A3956D46DE8}") = ".paket", ".paket", "{63297B98-5CED-492C-A5B7-A5B4F73CF142}"
	ProjectSection(SolutionItems) = preProject
		paket.dependencies = paket.dependencies
		paket.lock = paket.lock
		paket.references = paket.references
	EndProjectSection
EndProject
Project("{2150E333-8FDC-42A3-9474-1A3956D46DE8}") = "docs", "docs", "{A6A6AF7D-D6E3-442D-9B1E-58CC91879BE1}"
EndProject
Project("{6EC3EE1D-3C4E-46DD-8F32-0CC8E7565705}") = "canopy", "src\canopy\canopy.fsproj", "{F3DADC45-6E93-45A8-8366-E4DAC78CAF97}"
EndProject
Project("{2150E333-8FDC-42A3-9474-1A3956D46DE8}") = "project", "project", "{BF60BC93-E09B-4E5F-9D85-95A519479D54}"
	ProjectSection(SolutionItems) = preProject
		README.md = README.md
		RELEASE_NOTES.md = RELEASE_NOTES.md
	EndProjectSection
EndProject
Project("{2150E333-8FDC-42A3-9474-1A3956D46DE8}") = "tools", "tools", "{83F16175-43B1-4C90-A1EE-8E351C33435D}"
	ProjectSection(SolutionItems) = preProject
		docsrc\tools\generate.fsx = docsrc\tools\generate.fsx
		docsrc\tools\templates\template.cshtml = docsrc\tools\templates\template.cshtml
	EndProjectSection
EndProject
Project("{2150E333-8FDC-42A3-9474-1A3956D46DE8}") = "content", "content", "{8E6D5255-776D-4B61-85F9-73C37AA1FB9A}"
	ProjectSection(SolutionItems) = preProject
		docsrc\content\index.fsx = docsrc\content\index.fsx
		docsrc\content\tutorial.fsx = docsrc\content\tutorial.fsx
	EndProjectSection
EndProject
Project("{2150E333-8FDC-42A3-9474-1A3956D46DE8}") = "tests", "tests", "{ED8079DD-2B06-4030-9F0F-DC548F98E1C4}"
EndProject
Project("{2150E333-8FDC-42A3-9474-1A3956D46DE8}") = "git", "git", "{078A9C52-DDC1-46F4-9235-9E6C89C87AFD}"
	ProjectSection(SolutionItems) = preProject
		.gitattributes = .gitattributes
		.gitignore = .gitignore
	EndProjectSection
EndProject
Project("{2150E333-8FDC-42A3-9474-1A3956D46DE8}") = ".build", ".build", "{7C6D08E7-3EAC-4335-8F4B-252C193C27C9}"
	ProjectSection(SolutionItems) = preProject
		.travis.yml = .travis.yml
		appveyor.yml = appveyor.yml
		build.cmd = build.cmd
		build.fsx = build.fsx
		build.proj = build.proj
		build.sh = build.sh
	EndProjectSection
EndProject
Project("{6EC3EE1D-3C4E-46DD-8F32-0CC8E7565705}") = "canopy.integration", "src\canopy.integration\canopy.integration.fsproj", "{62539172-7987-4BEA-A0B8-68DE60BA09E6}"
EndProject
Project("{6EC3EE1D-3C4E-46DD-8F32-0CC8E7565705}") = "basictests", "tests\basictests\basictests.fsproj", "{6FB19CBF-BEC2-4251-BFA1-B3E276642297}"
EndProject
Project("{9A19103F-16F7-4668-BE54-9A1E7A4F7556}") = "csharptests", "tests\csharptests\csharptests.csproj", "{5FA50953-F2A7-45AB-830E-9C3D6E9DEFC6}"
EndProject
Project("{6EC3EE1D-3C4E-46DD-8F32-0CC8E7565705}") = "paralleltests", "tests\paralleltests\paralleltests.fsproj", "{6278AB74-AF96-4105-8290-45919554034F}"
EndProject
Global
	GlobalSection(SolutionConfigurationPlatforms) = preSolution
		Debug|Any CPU = Debug|Any CPU
		Release|Any CPU = Release|Any CPU
	EndGlobalSection
	GlobalSection(ProjectConfigurationPlatforms) = postSolution
		{F3DADC45-6E93-45A8-8366-E4DAC78CAF97}.Debug|Any CPU.ActiveCfg = Debug|Any CPU
		{F3DADC45-6E93-45A8-8366-E4DAC78CAF97}.Debug|Any CPU.Build.0 = Debug|Any CPU
		{F3DADC45-6E93-45A8-8366-E4DAC78CAF97}.Release|Any CPU.ActiveCfg = Release|Any CPU
		{F3DADC45-6E93-45A8-8366-E4DAC78CAF97}.Release|Any CPU.Build.0 = Release|Any CPU
		{62539172-7987-4BEA-A0B8-68DE60BA09E6}.Debug|Any CPU.ActiveCfg = Debug|Any CPU
		{62539172-7987-4BEA-A0B8-68DE60BA09E6}.Debug|Any CPU.Build.0 = Debug|Any CPU
		{62539172-7987-4BEA-A0B8-68DE60BA09E6}.Release|Any CPU.ActiveCfg = Release|Any CPU
		{62539172-7987-4BEA-A0B8-68DE60BA09E6}.Release|Any CPU.Build.0 = Release|Any CPU
		{6FB19CBF-BEC2-4251-BFA1-B3E276642297}.Debug|Any CPU.ActiveCfg = Debug|Any CPU
		{6FB19CBF-BEC2-4251-BFA1-B3E276642297}.Debug|Any CPU.Build.0 = Debug|Any CPU
		{6FB19CBF-BEC2-4251-BFA1-B3E276642297}.Release|Any CPU.ActiveCfg = Release|Any CPU
		{6FB19CBF-BEC2-4251-BFA1-B3E276642297}.Release|Any CPU.Build.0 = Release|Any CPU
		{5FA50953-F2A7-45AB-830E-9C3D6E9DEFC6}.Debug|Any CPU.ActiveCfg = Debug|Any CPU
		{5FA50953-F2A7-45AB-830E-9C3D6E9DEFC6}.Debug|Any CPU.Build.0 = Debug|Any CPU
		{5FA50953-F2A7-45AB-830E-9C3D6E9DEFC6}.Release|Any CPU.ActiveCfg = Release|Any CPU
		{5FA50953-F2A7-45AB-830E-9C3D6E9DEFC6}.Release|Any CPU.Build.0 = Release|Any CPU
		{6278AB74-AF96-4105-8290-45919554034F}.Debug|Any CPU.ActiveCfg = Debug|Any CPU
		{6278AB74-AF96-4105-8290-45919554034F}.Debug|Any CPU.Build.0 = Debug|Any CPU
		{6278AB74-AF96-4105-8290-45919554034F}.Release|Any CPU.ActiveCfg = Release|Any CPU
		{6278AB74-AF96-4105-8290-45919554034F}.Release|Any CPU.Build.0 = Release|Any CPU
	EndGlobalSection
	GlobalSection(SolutionProperties) = preSolution
		HideSolutionNode = FALSE
	EndGlobalSection
	GlobalSection(NestedProjects) = preSolution
		{83F16175-43B1-4C90-A1EE-8E351C33435D} = {A6A6AF7D-D6E3-442D-9B1E-58CC91879BE1}
		{8E6D5255-776D-4B61-85F9-73C37AA1FB9A} = {A6A6AF7D-D6E3-442D-9B1E-58CC91879BE1}
		{6FB19CBF-BEC2-4251-BFA1-B3E276642297} = {ED8079DD-2B06-4030-9F0F-DC548F98E1C4}
		{5FA50953-F2A7-45AB-830E-9C3D6E9DEFC6} = {ED8079DD-2B06-4030-9F0F-DC548F98E1C4}
		{6278AB74-AF96-4105-8290-45919554034F} = {ED8079DD-2B06-4030-9F0F-DC548F98E1C4}
	EndGlobalSection
	GlobalSection(ExtensibilityGlobals) = postSolution
		SolutionGuid = {F241EBD2-D235-4AC4-BF65-F8AA4C161275}
	EndGlobalSection
EndGlobal
